
Microsoft Visual Studio Solution File, Format Version 12.00
# Visual Studio Version 16
VisualStudioVersion = 16.0.31624.102
MinimumVisualStudioVersion = 10.0.40219.1
Project("{9A19103F-16F7-4668-BE54-9A1E7A4F7556}") = "ServerlessML.Trainer", "ServerlessML.Trainer\ServerlessML.Trainer.csproj", "{D5B6CA1D-6601-40F3-8AD0-1627E298763F}"
EndProject
Project("{9A19103F-16F7-4668-BE54-9A1E7A4F7556}") = "ServerlessML.DataModels", "ServerlessML.DataModels\ServerlessML.DataModels.csproj", "{993ED34F-1A97-4307-B298-51EB050B2982}"
EndProject
Project("{9A19103F-16F7-4668-BE54-9A1E7A4F7556}") = "ServerlessML.PredictionAPI", "ServerlessML.PredictionAPI\ServerlessML.PredictionAPI.csproj", "{52872B05-58A0-4509-9727-258624F4C64F}"
EndProject
Project("{2150E333-8FDC-42A3-9474-1A3956D46DE8}") = "Mobile", "Mobile", "{DE9B92BB-E93F-4B31-9079-5F1E7C2BCD7A}"
EndProject
Project("{FAE04EC0-301F-11D3-BF4B-00C04F79EFBC}") = "ServerlessML.Mobile.UWP", "ServerlessML.Mobile\ServerlessML.Mobile.UWP\ServerlessML.Mobile.UWP.csproj", "{1C4DC743-270E-46D0-B359-A52EB0C29B11}"
EndProject
Project("{FAE04EC0-301F-11D3-BF4B-00C04F79EFBC}") = "ServerlessML.Mobile.Android", "ServerlessML.Mobile\ServerlessML.Mobile.Android\ServerlessML.Mobile.Android.csproj", "{67017658-3F5D-4DD7-9E9F-4A0ED59854A7}"
EndProject
Project("{FAE04EC0-301F-11D3-BF4B-00C04F79EFBC}") = "ServerlessML.Mobile.iOS", "ServerlessML.Mobile\ServerlessML.Mobile.iOS\ServerlessML.Mobile.iOS.csproj", "{07B81654-5584-4EED-AA78-3F9BAD710178}"
EndProject
Project("{9A19103F-16F7-4668-BE54-9A1E7A4F7556}") = "ServerlessML.Mobile", "ServerlessML.Mobile\ServerlessML.Mobile\ServerlessML.Mobile.csproj", "{C62FC623-2F8A-44E2-852E-ABAE4D58D830}"
EndProject
Global
	GlobalSection(SolutionConfigurationPlatforms) = preSolution
		Debug|Any CPU = Debug|Any CPU
		Debug|ARM = Debug|ARM
		Debug|iPhone = Debug|iPhone
		Debug|iPhoneSimulator = Debug|iPhoneSimulator
		Debug|x64 = Debug|x64
		Debug|x86 = Debug|x86
		Release|Any CPU = Release|Any CPU
		Release|ARM = Release|ARM
		Release|iPhone = Release|iPhone
		Release|iPhoneSimulator = Release|iPhoneSimulator
		Release|x64 = Release|x64
		Release|x86 = Release|x86
	EndGlobalSection
	GlobalSection(ProjectConfigurationPlatforms) = postSolution
		{D5B6CA1D-6601-40F3-8AD0-1627E298763F}.Debug|Any CPU.ActiveCfg = Debug|Any CPU
		{D5B6CA1D-6601-40F3-8AD0-1627E298763F}.Debug|Any CPU.Build.0 = Debug|Any CPU
		{D5B6CA1D-6601-40F3-8AD0-1627E298763F}.Debug|ARM.ActiveCfg = Debug|Any CPU
		{D5B6CA1D-6601-40F3-8AD0-1627E298763F}.Debug|ARM.Build.0 = Debug|Any CPU
		{D5B6CA1D-6601-40F3-8AD0-1627E298763F}.Debug|iPhone.ActiveCfg = Debug|Any CPU
		{D5B6CA1D-6601-40F3-8AD0-1627E298763F}.Debug|iPhone.Build.0 = Debug|Any CPU
		{D5B6CA1D-6601-40F3-8AD0-1627E298763F}.Debug|iPhoneSimulator.ActiveCfg = Debug|Any CPU
		{D5B6CA1D-6601-40F3-8AD0-1627E298763F}.Debug|iPhoneSimulator.Build.0 = Debug|Any CPU
		{D5B6CA1D-6601-40F3-8AD0-1627E298763F}.Debug|x64.ActiveCfg = Debug|Any CPU
		{D5B6CA1D-6601-40F3-8AD0-1627E298763F}.Debug|x64.Build.0 = Debug|Any CPU
		{D5B6CA1D-6601-40F3-8AD0-1627E298763F}.Debug|x86.ActiveCfg = Debug|Any CPU
		{D5B6CA1D-6601-40F3-8AD0-1627E298763F}.Debug|x86.Build.0 = Debug|Any CPU
		{D5B6CA1D-6601-40F3-8AD0-1627E298763F}.Release|Any CPU.ActiveCfg = Release|Any CPU
		{D5B6CA1D-6601-40F3-8AD0-1627E298763F}.Release|Any CPU.Build.0 = Release|Any CPU
		{D5B6CA1D-6601-40F3-8AD0-1627E298763F}.Release|ARM.ActiveCfg = Release|Any CPU
		{D5B6CA1D-6601-40F3-8AD0-1627E298763F}.Release|ARM.Build.0 = Release|Any CPU
		{D5B6CA1D-6601-40F3-8AD0-1627E298763F}.Release|iPhone.ActiveCfg = Release|Any CPU
		{D5B6CA1D-6601-40F3-8AD0-1627E298763F}.Release|iPhone.Build.0 = Release|Any CPU
		{D5B6CA1D-6601-40F3-8AD0-1627E298763F}.Release|iPhoneSimulator.ActiveCfg = Release|Any CPU
		{D5B6CA1D-6601-40F3-8AD0-1627E298763F}.Release|iPhoneSimulator.Build.0 = Release|Any CPU
		{D5B6CA1D-6601-40F3-8AD0-1627E298763F}.Release|x64.ActiveCfg = Release|Any CPU
		{D5B6CA1D-6601-40F3-8AD0-1627E298763F}.Release|x64.Build.0 = Release|Any CPU
		{D5B6CA1D-6601-40F3-8AD0-1627E298763F}.Release|x86.ActiveCfg = Release|Any CPU
		{D5B6CA1D-6601-40F3-8AD0-1627E298763F}.Release|x86.Build.0 = Release|Any CPU
		{993ED34F-1A97-4307-B298-51EB050B2982}.Debug|Any CPU.ActiveCfg = Debug|Any CPU
		{993ED34F-1A97-4307-B298-51EB050B2982}.Debug|Any CPU.Build.0 = Debug|Any CPU
		{993ED34F-1A97-4307-B298-51EB050B2982}.Debug|ARM.ActiveCfg = Debug|Any CPU
		{993ED34F-1A97-4307-B298-51EB050B2982}.Debug|ARM.Build.0 = Debug|Any CPU
		{993ED34F-1A97-4307-B298-51EB050B2982}.Debug|iPhone.ActiveCfg = Debug|Any CPU
		{993ED34F-1A97-4307-B298-51EB050B2982}.Debug|iPhone.Build.0 = Debug|Any CPU
		{993ED34F-1A97-4307-B298-51EB050B2982}.Debug|iPhoneSimulator.ActiveCfg = Debug|Any CPU
		{993ED34F-1A97-4307-B298-51EB050B2982}.Debug|iPhoneSimulator.Build.0 = Debug|Any CPU
		{993ED34F-1A97-4307-B298-51EB050B2982}.Debug|x64.ActiveCfg = Debug|Any CPU
		{993ED34F-1A97-4307-B298-51EB050B2982}.Debug|x64.Build.0 = Debug|Any CPU
		{993ED34F-1A97-4307-B298-51EB050B2982}.Debug|x86.ActiveCfg = Debug|Any CPU
		{993ED34F-1A97-4307-B298-51EB050B2982}.Debug|x86.Build.0 = Debug|Any CPU
		{993ED34F-1A97-4307-B298-51EB050B2982}.Release|Any CPU.ActiveCfg = Release|Any CPU
		{993ED34F-1A97-4307-B298-51EB050B2982}.Release|Any CPU.Build.0 = Release|Any CPU
		{993ED34F-1A97-4307-B298-51EB050B2982}.Release|ARM.ActiveCfg = Release|Any CPU
		{993ED34F-1A97-4307-B298-51EB050B2982}.Release|ARM.Build.0 = Release|Any CPU
		{993ED34F-1A97-4307-B298-51EB050B2982}.Release|iPhone.ActiveCfg = Release|Any CPU
		{993ED34F-1A97-4307-B298-51EB050B2982}.Release|iPhone.Build.0 = Release|Any CPU
		{993ED34F-1A97-4307-B298-51EB050B2982}.Release|iPhoneSimulator.ActiveCfg = Release|Any CPU
		{993ED34F-1A97-4307-B298-51EB050B2982}.Release|iPhoneSimulator.Build.0 = Release|Any CPU
		{993ED34F-1A97-4307-B298-51EB050B2982}.Release|x64.ActiveCfg = Release|Any CPU
		{993ED34F-1A97-4307-B298-51EB050B2982}.Release|x64.Build.0 = Release|Any CPU
		{993ED34F-1A97-4307-B298-51EB050B2982}.Release|x86.ActiveCfg = Release|Any CPU
		{993ED34F-1A97-4307-B298-51EB050B2982}.Release|x86.Build.0 = Release|Any CPU
		{52872B05-58A0-4509-9727-258624F4C64F}.Debug|Any CPU.ActiveCfg = Debug|Any CPU
		{52872B05-58A0-4509-9727-258624F4C64F}.Debug|Any CPU.Build.0 = Debug|Any CPU
		{52872B05-58A0-4509-9727-258624F4C64F}.Debug|ARM.ActiveCfg = Debug|Any CPU
		{52872B05-58A0-4509-9727-258624F4C64F}.Debug|ARM.Build.0 = Debug|Any CPU
		{52872B05-58A0-4509-9727-258624F4C64F}.Debug|iPhone.ActiveCfg = Debug|Any CPU
		{52872B05-58A0-4509-9727-258624F4C64F}.Debug|iPhone.Build.0 = Debug|Any CPU
		{52872B05-58A0-4509-9727-258624F4C64F}.Debug|iPhoneSimulator.ActiveCfg = Debug|Any CPU
		{52872B05-58A0-4509-9727-258624F4C64F}.Debug|iPhoneSimulator.Build.0 = Debug|Any CPU
		{52872B05-58A0-4509-9727-258624F4C64F}.Debug|x64.ActiveCfg = Debug|Any CPU
		{52872B05-58A0-4509-9727-258624F4C64F}.Debug|x64.Build.0 = Debug|Any CPU
		{52872B05-58A0-4509-9727-258624F4C64F}.Debug|x86.ActiveCfg = Debug|Any CPU
		{52872B05-58A0-4509-9727-258624F4C64F}.Debug|x86.Build.0 = Debug|Any CPU
		{52872B05-58A0-4509-9727-258624F4C64F}.Release|Any CPU.ActiveCfg = Release|Any CPU
		{52872B05-58A0-4509-9727-258624F4C64F}.Release|Any CPU.Build.0 = Release|Any CPU
		{52872B05-58A0-4509-9727-258624F4C64F}.Release|ARM.ActiveCfg = Release|Any CPU
		{52872B05-58A0-4509-9727-258624F4C64F}.Release|ARM.Build.0 = Release|Any CPU
		{52872B05-58A0-4509-9727-258624F4C64F}.Release|iPhone.ActiveCfg = Release|Any CPU
		{52872B05-58A0-4509-9727-258624F4C64F}.Release|iPhone.Build.0 = Release|Any CPU
		{52872B05-58A0-4509-9727-258624F4C64F}.Release|iPhoneSimulator.ActiveCfg = Release|Any CPU
		{52872B05-58A0-4509-9727-258624F4C64F}.Release|iPhoneSimulator.Build.0 = Release|Any CPU
		{52872B05-58A0-4509-9727-258624F4C64F}.Release|x64.ActiveCfg = Release|Any CPU
		{52872B05-58A0-4509-9727-258624F4C64F}.Release|x64.Build.0 = Release|Any CPU
		{52872B05-58A0-4509-9727-258624F4C64F}.Release|x86.ActiveCfg = Release|Any CPU
		{52872B05-58A0-4509-9727-258624F4C64F}.Release|x86.Build.0 = Release|Any CPU
		{1C4DC743-270E-46D0-B359-A52EB0C29B11}.Debug|Any CPU.ActiveCfg = Debug|x86
		{1C4DC743-270E-46D0-B359-A52EB0C29B11}.Debug|Any CPU.Build.0 = Debug|x86
		{1C4DC743-270E-46D0-B359-A52EB0C29B11}.Debug|Any CPU.Deploy.0 = Debug|x86
		{1C4DC743-270E-46D0-B359-A52EB0C29B11}.Debug|ARM.ActiveCfg = Debug|ARM
		{1C4DC743-270E-46D0-B359-A52EB0C29B11}.Debug|ARM.Build.0 = Debug|ARM
		{1C4DC743-270E-46D0-B359-A52EB0C29B11}.Debug|ARM.Deploy.0 = Debug|ARM
		{1C4DC743-270E-46D0-B359-A52EB0C29B11}.Debug|iPhone.ActiveCfg = Debug|x86
		{1C4DC743-270E-46D0-B359-A52EB0C29B11}.Debug|iPhoneSimulator.ActiveCfg = Debug|x86
		{1C4DC743-270E-46D0-B359-A52EB0C29B11}.Debug|iPhoneSimulator.Build.0 = Debug|x86
		{1C4DC743-270E-46D0-B359-A52EB0C29B11}.Debug|iPhoneSimulator.Deploy.0 = Debug|x86
		{1C4DC743-270E-46D0-B359-A52EB0C29B11}.Debug|x64.ActiveCfg = Debug|x64
		{1C4DC743-270E-46D0-B359-A52EB0C29B11}.Debug|x64.Build.0 = Debug|x64
		{1C4DC743-270E-46D0-B359-A52EB0C29B11}.Debug|x64.Deploy.0 = Debug|x64
		{1C4DC743-270E-46D0-B359-A52EB0C29B11}.Debug|x86.ActiveCfg = Debug|x86
		{1C4DC743-270E-46D0-B359-A52EB0C29B11}.Debug|x86.Build.0 = Debug|x86
		{1C4DC743-270E-46D0-B359-A52EB0C29B11}.Debug|x86.Deploy.0 = Debug|x86
		{1C4DC743-270E-46D0-B359-A52EB0C29B11}.Release|Any CPU.ActiveCfg = Release|x86
		{1C4DC743-270E-46D0-B359-A52EB0C29B11}.Release|ARM.ActiveCfg = Release|ARM
		{1C4DC743-270E-46D0-B359-A52EB0C29B11}.Release|ARM.Build.0 = Release|ARM
		{1C4DC743-270E-46D0-B359-A52EB0C29B11}.Release|ARM.Deploy.0 = Release|ARM
		{1C4DC743-270E-46D0-B359-A52EB0C29B11}.Release|iPhone.ActiveCfg = Release|x86
		{1C4DC743-270E-46D0-B359-A52EB0C29B11}.Release|iPhoneSimulator.ActiveCfg = Release|x86
		{1C4DC743-270E-46D0-B359-A52EB0C29B11}.Release|x64.ActiveCfg = Release|x64
		{1C4DC743-270E-46D0-B359-A52EB0C29B11}.Release|x64.Build.0 = Release|x64
		{1C4DC743-270E-46D0-B359-A52EB0C29B11}.Release|x64.Deploy.0 = Release|x64
		{1C4DC743-270E-46D0-B359-A52EB0C29B11}.Release|x86.ActiveCfg = Release|x86
		{1C4DC743-270E-46D0-B359-A52EB0C29B11}.Release|x86.Build.0 = Release|x86
		{1C4DC743-270E-46D0-B359-A52EB0C29B11}.Release|x86.Deploy.0 = Release|x86
		{67017658-3F5D-4DD7-9E9F-4A0ED59854A7}.Debug|Any CPU.ActiveCfg = Debug|Any CPU
		{67017658-3F5D-4DD7-9E9F-4A0ED59854A7}.Debug|Any CPU.Build.0 = Debug|Any CPU
		{67017658-3F5D-4DD7-9E9F-4A0ED59854A7}.Debug|Any CPU.Deploy.0 = Debug|Any CPU
		{67017658-3F5D-4DD7-9E9F-4A0ED59854A7}.Debug|ARM.ActiveCfg = Debug|Any CPU
		{67017658-3F5D-4DD7-9E9F-4A0ED59854A7}.Debug|ARM.Build.0 = Debug|Any CPU
		{67017658-3F5D-4DD7-9E9F-4A0ED59854A7}.Debug|ARM.Deploy.0 = Debug|Any CPU
		{67017658-3F5D-4DD7-9E9F-4A0ED59854A7}.Debug|iPhone.ActiveCfg = Debug|Any CPU
		{67017658-3F5D-4DD7-9E9F-4A0ED59854A7}.Debug|iPhone.Build.0 = Debug|Any CPU
		{67017658-3F5D-4DD7-9E9F-4A0ED59854A7}.Debug|iPhone.Deploy.0 = Debug|Any CPU
		{67017658-3F5D-4DD7-9E9F-4A0ED59854A7}.Debug|iPhoneSimulator.ActiveCfg = Debug|Any CPU
		{67017658-3F5D-4DD7-9E9F-4A0ED59854A7}.Debug|iPhoneSimulator.Build.0 = Debug|Any CPU
		{67017658-3F5D-4DD7-9E9F-4A0ED59854A7}.Debug|iPhoneSimulator.Deploy.0 = Debug|Any CPU
		{67017658-3F5D-4DD7-9E9F-4A0ED59854A7}.Debug|x64.ActiveCfg = Debug|Any CPU
		{67017658-3F5D-4DD7-9E9F-4A0ED59854A7}.Debug|x64.Build.0 = Debug|Any CPU
		{67017658-3F5D-4DD7-9E9F-4A0ED59854A7}.Debug|x64.Deploy.0 = Debug|Any CPU
		{67017658-3F5D-4DD7-9E9F-4A0ED59854A7}.Debug|x86.ActiveCfg = Debug|Any CPU
		{67017658-3F5D-4DD7-9E9F-4A0ED59854A7}.Debug|x86.Build.0 = Debug|Any CPU
		{67017658-3F5D-4DD7-9E9F-4A0ED59854A7}.Debug|x86.Deploy.0 = Debug|Any CPU
		{67017658-3F5D-4DD7-9E9F-4A0ED59854A7}.Release|Any CPU.ActiveCfg = Release|Any CPU
		{67017658-3F5D-4DD7-9E9F-4A0ED59854A7}.Release|Any CPU.Build.0 = Release|Any CPU
		{67017658-3F5D-4DD7-9E9F-4A0ED59854A7}.Release|Any CPU.Deploy.0 = Release|Any CPU
		{67017658-3F5D-4DD7-9E9F-4A0ED59854A7}.Release|ARM.ActiveCfg = Release|Any CPU
		{67017658-3F5D-4DD7-9E9F-4A0ED59854A7}.Release|ARM.Build.0 = Release|Any CPU
		{67017658-3F5D-4DD7-9E9F-4A0ED59854A7}.Release|ARM.Deploy.0 = Release|Any CPU
		{67017658-3F5D-4DD7-9E9F-4A0ED59854A7}.Release|iPhone.ActiveCfg = Release|Any CPU
		{67017658-3F5D-4DD7-9E9F-4A0ED59854A7}.Release|iPhone.Build.0 = Release|Any CPU
		{67017658-3F5D-4DD7-9E9F-4A0ED59854A7}.Release|iPhone.Deploy.0 = Release|Any CPU
		{67017658-3F5D-4DD7-9E9F-4A0ED59854A7}.Release|iPhoneSimulator.ActiveCfg = Release|Any CPU
		{67017658-3F5D-4DD7-9E9F-4A0ED59854A7}.Release|iPhoneSimulator.Build.0 = Release|Any CPU
		{67017658-3F5D-4DD7-9E9F-4A0ED59854A7}.Release|iPhoneSimulator.Deploy.0 = Release|Any CPU
		{67017658-3F5D-4DD7-9E9F-4A0ED59854A7}.Release|x64.ActiveCfg = Release|Any CPU
		{67017658-3F5D-4DD7-9E9F-4A0ED59854A7}.Release|x64.Build.0 = Release|Any CPU
		{67017658-3F5D-4DD7-9E9F-4A0ED59854A7}.Release|x64.Deploy.0 = Release|Any CPU
		{67017658-3F5D-4DD7-9E9F-4A0ED59854A7}.Release|x86.ActiveCfg = Release|Any CPU
		{67017658-3F5D-4DD7-9E9F-4A0ED59854A7}.Release|x86.Build.0 = Release|Any CPU
		{67017658-3F5D-4DD7-9E9F-4A0ED59854A7}.Release|x86.Deploy.0 = Release|Any CPU
		{07B81654-5584-4EED-AA78-3F9BAD710178}.Debug|Any CPU.ActiveCfg = Debug|iPhoneSimulator
		{07B81654-5584-4EED-AA78-3F9BAD710178}.Debug|Any CPU.Build.0 = Debug|iPhoneSimulator
		{07B81654-5584-4EED-AA78-3F9BAD710178}.Debug|ARM.ActiveCfg = Debug|iPhoneSimulator
		{07B81654-5584-4EED-AA78-3F9BAD710178}.Debug|iPhone.ActiveCfg = Debug|iPhone
		{07B81654-5584-4EED-AA78-3F9BAD710178}.Debug|iPhone.Build.0 = Debug|iPhone
		{07B81654-5584-4EED-AA78-3F9BAD710178}.Debug|iPhoneSimulator.ActiveCfg = Debug|iPhoneSimulator
		{07B81654-5584-4EED-AA78-3F9BAD710178}.Debug|iPhoneSimulator.Build.0 = Debug|iPhoneSimulator
		{07B81654-5584-4EED-AA78-3F9BAD710178}.Debug|x64.ActiveCfg = Debug|iPhoneSimulator
		{07B81654-5584-4EED-AA78-3F9BAD710178}.Debug|x86.ActiveCfg = Debug|iPhoneSimulator
		{07B81654-5584-4EED-AA78-3F9BAD710178}.Release|Any CPU.ActiveCfg = Release|iPhoneSimulator
		{07B81654-5584-4EED-AA78-3F9BAD710178}.Release|ARM.ActiveCfg = Release|iPhoneSimulator
		{07B81654-5584-4EED-AA78-3F9BAD710178}.Release|iPhone.ActiveCfg = Release|iPhone
		{07B81654-5584-4EED-AA78-3F9BAD710178}.Release|iPhone.Build.0 = Release|iPhone
		{07B81654-5584-4EED-AA78-3F9BAD710178}.Release|iPhoneSimulator.ActiveCfg = Release|iPhoneSimulator
		{07B81654-5584-4EED-AA78-3F9BAD710178}.Release|iPhoneSimulator.Build.0 = Release|iPhoneSimulator
		{07B81654-5584-4EED-AA78-3F9BAD710178}.Release|x64.ActiveCfg = Release|iPhoneSimulator
		{07B81654-5584-4EED-AA78-3F9BAD710178}.Release|x86.ActiveCfg = Release|iPhoneSimulator
		{C62FC623-2F8A-44E2-852E-ABAE4D58D830}.Debug|Any CPU.ActiveCfg = Debug|Any CPU
		{C62FC623-2F8A-44E2-852E-ABAE4D58D830}.Debug|Any CPU.Build.0 = Debug|Any CPU
		{C62FC623-2F8A-44E2-852E-ABAE4D58D830}.Debug|ARM.ActiveCfg = Debug|Any CPU
		{C62FC623-2F8A-44E2-852E-ABAE4D58D830}.Debug|ARM.Build.0 = Debug|Any CPU
		{C62FC623-2F8A-44E2-852E-ABAE4D58D830}.Debug|iPhone.ActiveCfg = Debug|Any CPU
		{C62FC623-2F8A-44E2-852E-ABAE4D58D830}.Debug|iPhone.Build.0 = Debug|Any CPU
		{C62FC623-2F8A-44E2-852E-ABAE4D58D830}.Debug|iPhoneSimulator.ActiveCfg = Debug|Any CPU
		{C62FC623-2F8A-44E2-852E-ABAE4D58D830}.Debug|iPhoneSimulator.Build.0 = Debug|Any CPU
		{C62FC623-2F8A-44E2-852E-ABAE4D58D830}.Debug|x64.ActiveCfg = Debug|Any CPU
		{C62FC623-2F8A-44E2-852E-ABAE4D58D830}.Debug|x64.Build.0 = Debug|Any CPU
		{C62FC623-2F8A-44E2-852E-ABAE4D58D830}.Debug|x86.ActiveCfg = Debug|Any CPU
		{C62FC623-2F8A-44E2-852E-ABAE4D58D830}.Debug|x86.Build.0 = Debug|Any CPU
		{C62FC623-2F8A-44E2-852E-ABAE4D58D830}.Release|Any CPU.ActiveCfg = Release|Any CPU
		{C62FC623-2F8A-44E2-852E-ABAE4D58D830}.Release|Any CPU.Build.0 = Release|Any CPU
		{C62FC623-2F8A-44E2-852E-ABAE4D58D830}.Release|ARM.ActiveCfg = Release|Any CPU
		{C62FC623-2F8A-44E2-852E-ABAE4D58D830}.Release|ARM.Build.0 = Release|Any CPU
		{C62FC623-2F8A-44E2-852E-ABAE4D58D830}.Release|iPhone.ActiveCfg = Release|Any CPU
		{C62FC623-2F8A-44E2-852E-ABAE4D58D830}.Release|iPhone.Build.0 = Release|Any CPU
		{C62FC623-2F8A-44E2-852E-ABAE4D58D830}.Release|iPhoneSimulator.ActiveCfg = Release|Any CPU
		{C62FC623-2F8A-44E2-852E-ABAE4D58D830}.Release|iPhoneSimulator.Build.0 = Release|Any CPU
		{C62FC623-2F8A-44E2-852E-ABAE4D58D830}.Release|x64.ActiveCfg = Release|Any CPU
		{C62FC623-2F8A-44E2-852E-ABAE4D58D830}.Release|x64.Build.0 = Release|Any CPU
		{C62FC623-2F8A-44E2-852E-ABAE4D58D830}.Release|x86.ActiveCfg = Release|Any CPU
		{C62FC623-2F8A-44E2-852E-ABAE4D58D830}.Release|x86.Build.0 = Release|Any CPU
	EndGlobalSection
	GlobalSection(SolutionProperties) = preSolution
		HideSolutionNode = FALSE
	EndGlobalSection
	GlobalSection(NestedProjects) = preSolution
		{1C4DC743-270E-46D0-B359-A52EB0C29B11} = {DE9B92BB-E93F-4B31-9079-5F1E7C2BCD7A}
		{67017658-3F5D-4DD7-9E9F-4A0ED59854A7} = {DE9B92BB-E93F-4B31-9079-5F1E7C2BCD7A}
		{07B81654-5584-4EED-AA78-3F9BAD710178} = {DE9B92BB-E93F-4B31-9079-5F1E7C2BCD7A}
		{C62FC623-2F8A-44E2-852E-ABAE4D58D830} = {DE9B92BB-E93F-4B31-9079-5F1E7C2BCD7A}
	EndGlobalSection
	GlobalSection(ExtensibilityGlobals) = postSolution
		SolutionGuid = {588B82E6-094D-4A41-A3E9-9E771295113B}
	EndGlobalSection
EndGlobal
